{
  "meteor": {},
  "dependencies": {
    "basePackages": {
      "bootstrap-flatly": {
        "version": "0.0.4"
      },
      "autoform": {
        "version": "0.13.0"
      },
      "user-session": {
        "version": "0.2.0"
      },
      "iron-router": {
        "version": "0.7.1"
      },
      "accounts-entry": {
        "version": "0.7.3"
      }
    },
    "packages": {
      "bootstrap-flatly": {
        "git": "https://github.com/grokbot/meteor-bootstrap-flatly.git",
        "tag": "v0.0.4",
        "commit": "53dcf5c4aad152e9b88dcc0f8d1dfbb1985200d7"
      },
      "autoform": {
        "git": "https://github.com/aldeed/meteor-autoform.git",
        "tag": "v0.13.0",
        "commit": "3f294ddf3ed0acae714d5ceb8a806b25cdcd0197"
      },
      "user-session": {
        "git": "https://github.com/BenjaminRH/meteor-user-session.git",
        "tag": "v0.2.0",
        "commit": "9ce8cb3385f6bc08918dd30313f2251a42e6ff3b"
      },
      "iron-router": {
        "git": "https://github.com/EventedMind/iron-router.git",
        "tag": "v0.7.1",
        "commit": "d1ffb3f06ea4c112132b030f2eb1a70b81675ecb"
      },
      "accounts-entry": {
        "git": "https://github.com/Differential/accounts-entry.git",
        "tag": "v0.7.3",
        "commit": "7facaa045d3720eeeba3420c28e48d5709188fe3"
      },
      "simple-schema": {
        "git": "https://github.com/aldeed/meteor-simple-schema.git",
        "tag": "v0.5.1",
        "commit": "a29956b34d03a4591dbd0eaed9d37009ef48b8db"
      },
      "collection2": {
        "git": "https://github.com/aldeed/meteor-collection2.git",
        "tag": "v0.4.1",
        "commit": "a9ffc9b285c3af8ad631f9cda4851b0ffc30c5ce"
      },
      "moment": {
        "git": "https://github.com/acreeger/meteor-moment.git",
        "tag": "v2.6.0",
        "commit": "26156df681750fd6e6ed77043eef32b6653ebbdf"
      },
      "blaze-layout": {
        "git": "https://github.com/EventedMind/blaze-layout.git",
        "tag": "v0.2.4",
        "commit": "b40e9b0612329288d75cf52ad14a7da64bb8618f"
      },
      "accounts-t9n": {
        "git": "https://github.com/softwarerero/meteor-accounts-t9n.git",
        "tag": "v0.0.5",
        "commit": "ad9539a8818049d5d9fa050d8b2a1f62706483b1"
      }
    }
  }
}
