{
  "meteor": {},
  "dependencies": {
    "basePackages": {
      "bootstrap-flatly": {
        "version": "0.0.4"
      },
      "autoform": {
        "version": "0.14.0"
      },
      "user-session": {
        "version": "0.2.0"
      },
      "iron-router": {
        "version": "0.7.1"
      },
      "accounts-entry": {
        "version": "0.7.3"
      },
      "handlebar-helpers": {
        "version": "0.1.1"
      },
      "underscore-string-latest": {
        "version": "2.3.3"
      }
    },
    "packages": {
      "bootstrap-flatly": {
        "git": "https://github.com/grokbot/meteor-bootstrap-flatly.git",
        "tag": "v0.0.4",
        "commit": "53dcf5c4aad152e9b88dcc0f8d1dfbb1985200d7"
      },
      "autoform": {
        "git": "https://github.com/aldeed/meteor-autoform.git",
        "tag": "v0.14.0",
        "commit": "30de032833052ea61e9d37bca5523264309d4478"
      },
      "user-session": {
        "git": "https://github.com/BenjaminRH/meteor-user-session.git",
        "tag": "v0.2.0",
        "commit": "9ce8cb3385f6bc08918dd30313f2251a42e6ff3b"
      },
      "iron-router": {
        "git": "https://github.com/EventedMind/iron-router.git",
        "tag": "v0.7.1",
        "commit": "d1ffb3f06ea4c112132b030f2eb1a70b81675ecb"
      },
      "accounts-entry": {
        "git": "https://github.com/Differential/accounts-entry.git",
        "tag": "v0.7.3",
        "commit": "7facaa045d3720eeeba3420c28e48d5709188fe3"
      },
      "handlebar-helpers": {
        "git": "https://github.com/raix/Meteor-handlebar-helpers.git",
        "tag": "v0.1.1",
        "commit": "0b407ab65e7c1ebd53d71aef0de2e2c1d21a597c"
      },
      "underscore-string-latest": {
        "git": "https://github.com/TimHeckel/meteor-underscore-string.git",
        "tag": "v2.3.3",
        "commit": "4a5d70eee48fbd90a6e6fc78747250d704a0b3bb"
      },
      "simple-schema": {
        "git": "https://github.com/aldeed/meteor-simple-schema.git",
        "tag": "v0.5.1",
        "commit": "a29956b34d03a4591dbd0eaed9d37009ef48b8db"
      },
      "collection2": {
        "git": "https://github.com/aldeed/meteor-collection2.git",
        "tag": "v0.4.2",
        "commit": "4ff4b707bec8be434919730bf101325adb215444"
      },
      "moment": {
        "git": "https://github.com/acreeger/meteor-moment.git",
        "tag": "v2.6.0",
        "commit": "26156df681750fd6e6ed77043eef32b6653ebbdf"
      },
      "blaze-layout": {
        "git": "https://github.com/EventedMind/blaze-layout.git",
        "tag": "v0.2.4",
        "commit": "b40e9b0612329288d75cf52ad14a7da64bb8618f"
      },
      "accounts-t9n": {
        "git": "https://github.com/softwarerero/meteor-accounts-t9n.git",
        "tag": "v0.0.5",
        "commit": "ad9539a8818049d5d9fa050d8b2a1f62706483b1"
      }
    }
  }
}
